
Microsoft Visual Studio Solution File, Format Version 12.00
# Visual Studio Version 17
VisualStudioVersion = 17.9.34723.18
MinimumVisualStudioVersion = 10.0.40219.1
Project("{FAE04EC0-301F-11D3-BF4B-00C04F79EFBC}") = "FileTreeViewerWPF", "FileTreeViewerWPF\FileTreeViewerWPF.csproj", "{35813438-F5A2-4EA1-A56C-448511317188}"
EndProject
Global
	GlobalSection(SolutionConfigurationPlatforms) = preSolution
		Debug|Any CPU = Debug|Any CPU
		Release|Any CPU = Release|Any CPU
	EndGlobalSection
	GlobalSection(ProjectConfigurationPlatforms) = postSolution
		{35813438-F5A2-4EA1-A56C-448511317188}.Debug|Any CPU.ActiveCfg = Debug|Any CPU
		{35813438-F5A2-4EA1-A56C-448511317188}.Debug|Any CPU.Build.0 = Debug|Any CPU
		{35813438-F5A2-4EA1-A56C-448511317188}.Release|Any CPU.ActiveCfg = Release|Any CPU
		{35813438-F5A2-4EA1-A56C-448511317188}.Release|Any CPU.Build.0 = Release|Any CPU
	EndGlobalSection
	GlobalSection(SolutionProperties) = preSolution
		HideSolutionNode = FALSE
	EndGlobalSection
	GlobalSection(ExtensibilityGlobals) = postSolution
		SolutionGuid = {DFCABD37-3389-4449-AAEF-2003CF4BC87F}
	EndGlobalSection
EndGlobal
